// !$*UTF8*$!
{
	archiveVersion = 1;
	classes = {
	};
	objectVersion = 50;
	objects = {

/* Begin PBXBuildFile section */
		060CD86F20D49B500061110C /* VisionObject.swift in Sources */ = {isa = PBXBuildFile; fileRef = 060CD86E20D49B500061110C /* VisionObject.swift */; };
		060CD87320D5BEE90061110C /* VA.png in Resources */ = {isa = PBXBuildFile; fileRef = 060CD87220D5BEE90061110C /* VA.png */; };
		060CD87520D5C5050061110C /* ImageClassifier.swift in Sources */ = {isa = PBXBuildFile; fileRef = 060CD87420D5C5050061110C /* ImageClassifier.swift */; };
		060CD87B20D5DA390061110C /* MobileNet.mlmodel in Sources */ = {isa = PBXBuildFile; fileRef = 060CD87A20D5DA380061110C /* MobileNet.mlmodel */; };
		061EE7642144B94600455818 /* Resnet50.mlmodel in Sources */ = {isa = PBXBuildFile; fileRef = 061EE7632144B94600455818 /* Resnet50.mlmodel */; };
		061EE7682144C3C000455818 /* TinyYOLO.mlmodel in Sources */ = {isa = PBXBuildFile; fileRef = 061EE7672144C3C000455818 /* TinyYOLO.mlmodel */; };
		064A250320C9F3B7004B6DEE /* AppDelegate.swift in Sources */ = {isa = PBXBuildFile; fileRef = 064A250220C9F3B7004B6DEE /* AppDelegate.swift */; };
		064A250520C9F3B7004B6DEE /* ViewController.swift in Sources */ = {isa = PBXBuildFile; fileRef = 064A250420C9F3B7004B6DEE /* ViewController.swift */; };
		064A250820C9F3B7004B6DEE /* Main.storyboard in Resources */ = {isa = PBXBuildFile; fileRef = 064A250620C9F3B7004B6DEE /* Main.storyboard */; };
		064A250A20C9F3B8004B6DEE /* Assets.xcassets in Resources */ = {isa = PBXBuildFile; fileRef = 064A250920C9F3B8004B6DEE /* Assets.xcassets */; };
		064A250D20C9F3B8004B6DEE /* LaunchScreen.storyboard in Resources */ = {isa = PBXBuildFile; fileRef = 064A250B20C9F3B8004B6DEE /* LaunchScreen.storyboard */; };
		064A251520C9F447004B6DEE /* FrameExtractor.swift in Sources */ = {isa = PBXBuildFile; fileRef = 064A251420C9F447004B6DEE /* FrameExtractor.swift */; };
		064FD88120CA6FDB006C2A89 /* CameraView.swift in Sources */ = {isa = PBXBuildFile; fileRef = 064FD88020CA6FDB006C2A89 /* CameraView.swift */; };
		066042E520D8C36C00C05CDC /* DLCropped.mlmodel in Sources */ = {isa = PBXBuildFile; fileRef = 066042E420D8C36B00C05CDC /* DLCropped.mlmodel */; };
		066900742148AA5F00B40AF0 /* VATX.mlmodel in Sources */ = {isa = PBXBuildFile; fileRef = 066900732148AA5F00B40AF0 /* VATX.mlmodel */; };
		0684F4532140ED21009D81CF /* DL2.mlmodel in Sources */ = {isa = PBXBuildFile; fileRef = 0684F4522140ED20009D81CF /* DL2.mlmodel */; };
		06B8486120CE013200050412 /* CGImagePropertyOrientation+UIImageOrientation.swift in Sources */ = {isa = PBXBuildFile; fileRef = 06B8486020CE013200050412 /* CGImagePropertyOrientation+UIImageOrientation.swift */; };
		06C8011220CE15560036F770 /* CoreML.framework in Frameworks */ = {isa = PBXBuildFile; fileRef = 06C8011120CE15560036F770 /* CoreML.framework */; };
		06C8011420CE15680036F770 /* Vision.framework in Frameworks */ = {isa = PBXBuildFile; fileRef = 06C8011320CE15680036F770 /* Vision.framework */; };
		06C8011620CE15AD0036F770 /* DL.mlmodel in Sources */ = {isa = PBXBuildFile; fileRef = 06C8011520CE15AD0036F770 /* DL.mlmodel */; };
		06C8011820CEE2280036F770 /* DL1.mlmodel in Sources */ = {isa = PBXBuildFile; fileRef = 06C8011720CEE2280036F770 /* DL1.mlmodel */; };
		06D54F5B20D1C24600CBB95E /* CameraGuideView.swift in Sources */ = {isa = PBXBuildFile; fileRef = 06D54F5A20D1C24600CBB95E /* CameraGuideView.swift */; };
		06D54F5D20D1C8BC00CBB95E /* ImageCropper.swift in Sources */ = {isa = PBXBuildFile; fileRef = 06D54F5C20D1C8BC00CBB95E /* ImageCropper.swift */; };
		06D54F5F20D1C98F00CBB95E /* CIImage+PrespectiveCorrection.swift in Sources */ = {isa = PBXBuildFile; fileRef = 06D54F5E20D1C98F00CBB95E /* CIImage+PrespectiveCorrection.swift */; };
		06D54F6120D1E91D00CBB95E /* UIImage+Cropping.swift in Sources */ = {isa = PBXBuildFile; fileRef = 06D54F6020D1E91D00CBB95E /* UIImage+Cropping.swift */; };
		06D54F6F20D22D2000CBB95E /* DL_C1.mlmodel in Sources */ = {isa = PBXBuildFile; fileRef = 06D54F6E20D22D2000CBB95E /* DL_C1.mlmodel */; };
		2ACA94F6533196D3AFCAA9A4 /* Pods_ML_Vision.framework in Frameworks */ = {isa = PBXBuildFile; fileRef = 20165FC2CFF1E32E83FE68C3 /* Pods_ML_Vision.framework */; };
/* End PBXBuildFile section */

/* Begin PBXFileReference section */
		060CD86E20D49B500061110C /* VisionObject.swift */ = {isa = PBXFileReference; lastKnownFileType = sourcecode.swift; path = VisionObject.swift; sourceTree = "<group>"; };
		060CD87220D5BEE90061110C /* VA.png */ = {isa = PBXFileReference; lastKnownFileType = image.png; path = VA.png; sourceTree = "<group>"; };
		060CD87420D5C5050061110C /* ImageClassifier.swift */ = {isa = PBXFileReference; fileEncoding = 4; lastKnownFileType = sourcecode.swift; path = ImageClassifier.swift; sourceTree = "<group>"; };
		060CD87A20D5DA380061110C /* MobileNet.mlmodel */ = {isa = PBXFileReference; lastKnownFileType = file.mlmodel; path = MobileNet.mlmodel; sourceTree = "<group>"; };
		061EE7632144B94600455818 /* Resnet50.mlmodel */ = {isa = PBXFileReference; lastKnownFileType = file.mlmodel; path = Resnet50.mlmodel; sourceTree = "<group>"; };
		061EE7672144C3C000455818 /* TinyYOLO.mlmodel */ = {isa = PBXFileReference; lastKnownFileType = file.mlmodel; path = TinyYOLO.mlmodel; sourceTree = "<group>"; };
		064A24FF20C9F3B7004B6DEE /* ML_Vision.app */ = {isa = PBXFileReference; explicitFileType = wrapper.application; includeInIndex = 0; path = ML_Vision.app; sourceTree = BUILT_PRODUCTS_DIR; };
		064A250220C9F3B7004B6DEE /* AppDelegate.swift */ = {isa = PBXFileReference; lastKnownFileType = sourcecode.swift; path = AppDelegate.swift; sourceTree = "<group>"; };
		064A250420C9F3B7004B6DEE /* ViewController.swift */ = {isa = PBXFileReference; lastKnownFileType = sourcecode.swift; path = ViewController.swift; sourceTree = "<group>"; };
		064A250720C9F3B7004B6DEE /* Base */ = {isa = PBXFileReference; lastKnownFileType = file.storyboard; name = Base; path = Base.lproj/Main.storyboard; sourceTree = "<group>"; };
		064A250920C9F3B8004B6DEE /* Assets.xcassets */ = {isa = PBXFileReference; lastKnownFileType = folder.assetcatalog; path = Assets.xcassets; sourceTree = "<group>"; };
		064A250C20C9F3B8004B6DEE /* Base */ = {isa = PBXFileReference; lastKnownFileType = file.storyboard; name = Base; path = Base.lproj/LaunchScreen.storyboard; sourceTree = "<group>"; };
		064A250E20C9F3B8004B6DEE /* Info.plist */ = {isa = PBXFileReference; lastKnownFileType = text.plist.xml; path = Info.plist; sourceTree = "<group>"; };
		064A251420C9F447004B6DEE /* FrameExtractor.swift */ = {isa = PBXFileReference; lastKnownFileType = sourcecode.swift; path = FrameExtractor.swift; sourceTree = "<group>"; };
		064FD88020CA6FDB006C2A89 /* CameraView.swift */ = {isa = PBXFileReference; lastKnownFileType = sourcecode.swift; path = CameraView.swift; sourceTree = "<group>"; };
		066042E420D8C36B00C05CDC /* DLCropped.mlmodel */ = {isa = PBXFileReference; lastKnownFileType = file.mlmodel; path = DLCropped.mlmodel; sourceTree = "<group>"; };
		066900732148AA5F00B40AF0 /* VATX.mlmodel */ = {isa = PBXFileReference; lastKnownFileType = file.mlmodel; path = VATX.mlmodel; sourceTree = "<group>"; };
		0684F4522140ED20009D81CF /* DL2.mlmodel */ = {isa = PBXFileReference; lastKnownFileType = file.mlmodel; path = DL2.mlmodel; sourceTree = "<group>"; };
		06B8486020CE013200050412 /* CGImagePropertyOrientation+UIImageOrientation.swift */ = {isa = PBXFileReference; fileEncoding = 4; lastKnownFileType = sourcecode.swift; path = "CGImagePropertyOrientation+UIImageOrientation.swift"; sourceTree = "<group>"; };
		06C8011120CE15560036F770 /* CoreML.framework */ = {isa = PBXFileReference; lastKnownFileType = wrapper.framework; name = CoreML.framework; path = System/Library/Frameworks/CoreML.framework; sourceTree = SDKROOT; };
		06C8011320CE15680036F770 /* Vision.framework */ = {isa = PBXFileReference; lastKnownFileType = wrapper.framework; name = Vision.framework; path = System/Library/Frameworks/Vision.framework; sourceTree = SDKROOT; };
		06C8011520CE15AD0036F770 /* DL.mlmodel */ = {isa = PBXFileReference; lastKnownFileType = file.mlmodel; path = DL.mlmodel; sourceTree = "<group>"; };
		06C8011720CEE2280036F770 /* DL1.mlmodel */ = {isa = PBXFileReference; lastKnownFileType = file.mlmodel; path = DL1.mlmodel; sourceTree = "<group>"; };
		06D54F5A20D1C24600CBB95E /* CameraGuideView.swift */ = {isa = PBXFileReference; lastKnownFileType = sourcecode.swift; path = CameraGuideView.swift; sourceTree = "<group>"; };
		06D54F5C20D1C8BC00CBB95E /* ImageCropper.swift */ = {isa = PBXFileReference; lastKnownFileType = sourcecode.swift; path = ImageCropper.swift; sourceTree = "<group>"; };
		06D54F5E20D1C98F00CBB95E /* CIImage+PrespectiveCorrection.swift */ = {isa = PBXFileReference; lastKnownFileType = sourcecode.swift; path = "CIImage+PrespectiveCorrection.swift"; sourceTree = "<group>"; };
		06D54F6020D1E91D00CBB95E /* UIImage+Cropping.swift */ = {isa = PBXFileReference; lastKnownFileType = sourcecode.swift; path = "UIImage+Cropping.swift"; sourceTree = "<group>"; };
		06D54F6E20D22D2000CBB95E /* DL_C1.mlmodel */ = {isa = PBXFileReference; lastKnownFileType = file.mlmodel; path = DL_C1.mlmodel; sourceTree = "<group>"; };
		20165FC2CFF1E32E83FE68C3 /* Pods_ML_Vision.framework */ = {isa = PBXFileReference; explicitFileType = wrapper.framework; includeInIndex = 0; path = Pods_ML_Vision.framework; sourceTree = BUILT_PRODUCTS_DIR; };
		95EB986280281BFF729BB83D /* Pods-ML_Vision.debug.xcconfig */ = {isa = PBXFileReference; includeInIndex = 1; lastKnownFileType = text.xcconfig; name = "Pods-ML_Vision.debug.xcconfig"; path = "Pods/Target Support Files/Pods-ML_Vision/Pods-ML_Vision.debug.xcconfig"; sourceTree = "<group>"; };
		D5496D69D6E1C4967194B8F9 /* Pods-ML_Vision.release.xcconfig */ = {isa = PBXFileReference; includeInIndex = 1; lastKnownFileType = text.xcconfig; name = "Pods-ML_Vision.release.xcconfig"; path = "Pods/Target Support Files/Pods-ML_Vision/Pods-ML_Vision.release.xcconfig"; sourceTree = "<group>"; };
/* End PBXFileReference section */

/* Begin PBXFrameworksBuildPhase section */
		064A24FC20C9F3B7004B6DEE /* Frameworks */ = {
			isa = PBXFrameworksBuildPhase;
			buildActionMask = 2147483647;
			files = (
				06C8011420CE15680036F770 /* Vision.framework in Frameworks */,
				06C8011220CE15560036F770 /* CoreML.framework in Frameworks */,
				2ACA94F6533196D3AFCAA9A4 /* Pods_ML_Vision.framework in Frameworks */,
			);
			runOnlyForDeploymentPostprocessing = 0;
		};
/* End PBXFrameworksBuildPhase section */

/* Begin PBXGroup section */
		060CD86D20D49B140061110C /* ObjectLabels */ = {
			isa = PBXGroup;
			children = (
				060CD86E20D49B500061110C /* VisionObject.swift */,
			);
			path = ObjectLabels;
			sourceTree = "<group>";
		};
		064A24F620C9F3B7004B6DEE = {
			isa = PBXGroup;
			children = (
				064A250120C9F3B7004B6DEE /* Vision */,
				064A250020C9F3B7004B6DEE /* Products */,
				06C8011020CE15560036F770 /* Frameworks */,
				5C1154C9F06D9F6068666F94 /* Pods */,
			);
			sourceTree = "<group>";
		};
		064A250020C9F3B7004B6DEE /* Products */ = {
			isa = PBXGroup;
			children = (
				064A24FF20C9F3B7004B6DEE /* ML_Vision.app */,
			);
			name = Products;
			sourceTree = "<group>";
		};
		064A250120C9F3B7004B6DEE /* Vision */ = {
			isa = PBXGroup;
			children = (
				064A250220C9F3B7004B6DEE /* AppDelegate.swift */,
				064A250420C9F3B7004B6DEE /* ViewController.swift */,
				060CD86D20D49B140061110C /* ObjectLabels */,
				06D54F5720D1C1DD00CBB95E /* ImageProcessor */,
				06D54F5620D1C1D200CBB95E /* CameraFeed */,
				06D54F5520D1C1C000CBB95E /* FrameExtractor */,
				06D54F5420D1C1AB00CBB95E /* iOSExtensions */,
				06D54F5920D1C20300CBB95E /* Storyboards */,
				06D54F5820D1C1F000CBB95E /* ML_Models */,
				064A250920C9F3B8004B6DEE /* Assets.xcassets */,
				064A250E20C9F3B8004B6DEE /* Info.plist */,
				060CD87220D5BEE90061110C /* VA.png */,
			);
			path = Vision;
			sourceTree = "<group>";
		};
		06C8011020CE15560036F770 /* Frameworks */ = {
			isa = PBXGroup;
			children = (
				06C8011320CE15680036F770 /* Vision.framework */,
				06C8011120CE15560036F770 /* CoreML.framework */,
				20165FC2CFF1E32E83FE68C3 /* Pods_ML_Vision.framework */,
			);
			name = Frameworks;
			sourceTree = "<group>";
		};
		06D54F5420D1C1AB00CBB95E /* iOSExtensions */ = {
			isa = PBXGroup;
			children = (
				06B8486020CE013200050412 /* CGImagePropertyOrientation+UIImageOrientation.swift */,
				06D54F5E20D1C98F00CBB95E /* CIImage+PrespectiveCorrection.swift */,
				06D54F6020D1E91D00CBB95E /* UIImage+Cropping.swift */,
			);
			path = iOSExtensions;
			sourceTree = "<group>";
		};
		06D54F5520D1C1C000CBB95E /* FrameExtractor */ = {
			isa = PBXGroup;
			children = (
				064A251420C9F447004B6DEE /* FrameExtractor.swift */,
			);
			path = FrameExtractor;
			sourceTree = "<group>";
		};
		06D54F5620D1C1D200CBB95E /* CameraFeed */ = {
			isa = PBXGroup;
			children = (
				064FD88020CA6FDB006C2A89 /* CameraView.swift */,
				06D54F5A20D1C24600CBB95E /* CameraGuideView.swift */,
			);
			path = CameraFeed;
			sourceTree = "<group>";
		};
		06D54F5720D1C1DD00CBB95E /* ImageProcessor */ = {
			isa = PBXGroup;
			children = (
				06D54F5C20D1C8BC00CBB95E /* ImageCropper.swift */,
				060CD87420D5C5050061110C /* ImageClassifier.swift */,
			);
			path = ImageProcessor;
			sourceTree = "<group>";
		};
		06D54F5820D1C1F000CBB95E /* ML_Models */ = {
			isa = PBXGroup;
			children = (
				066900732148AA5F00B40AF0 /* VATX.mlmodel */,
				061EE7672144C3C000455818 /* TinyYOLO.mlmodel */,
				061EE7632144B94600455818 /* Resnet50.mlmodel */,
				0684F4522140ED20009D81CF /* DL2.mlmodel */,
				066042E420D8C36B00C05CDC /* DLCropped.mlmodel */,
				060CD87A20D5DA380061110C /* MobileNet.mlmodel */,
				06D54F6E20D22D2000CBB95E /* DL_C1.mlmodel */,
				06C8011720CEE2280036F770 /* DL1.mlmodel */,
				06C8011520CE15AD0036F770 /* DL.mlmodel */,
			);
			path = ML_Models;
			sourceTree = "<group>";
		};
		06D54F5920D1C20300CBB95E /* Storyboards */ = {
			isa = PBXGroup;
			children = (
				064A250620C9F3B7004B6DEE /* Main.storyboard */,
				064A250B20C9F3B8004B6DEE /* LaunchScreen.storyboard */,
			);
			path = Storyboards;
			sourceTree = "<group>";
		};
		5C1154C9F06D9F6068666F94 /* Pods */ = {
			isa = PBXGroup;
			children = (
				95EB986280281BFF729BB83D /* Pods-ML_Vision.debug.xcconfig */,
				D5496D69D6E1C4967194B8F9 /* Pods-ML_Vision.release.xcconfig */,
			);
			name = Pods;
			sourceTree = "<group>";
		};
/* End PBXGroup section */

/* Begin PBXNativeTarget section */
		064A24FE20C9F3B7004B6DEE /* ML_Vision */ = {
			isa = PBXNativeTarget;
			buildConfigurationList = 064A251120C9F3B8004B6DEE /* Build configuration list for PBXNativeTarget "ML_Vision" */;
			buildPhases = (
				1A4D037B62BE1434A9A2ADA9 /* [CP] Check Pods Manifest.lock */,
				064A24FB20C9F3B7004B6DEE /* Sources */,
				064A24FC20C9F3B7004B6DEE /* Frameworks */,
				064A24FD20C9F3B7004B6DEE /* Resources */,
				F531A859D0ED6D6C5D2D5A08 /* [CP] Embed Pods Frameworks */,
			);
			buildRules = (
			);
			dependencies = (
			);
			name = ML_Vision;
			productName = Vision;
			productReference = 064A24FF20C9F3B7004B6DEE /* ML_Vision.app */;
			productType = "com.apple.product-type.application";
		};
/* End PBXNativeTarget section */

/* Begin PBXProject section */
		064A24F720C9F3B7004B6DEE /* Project object */ = {
			isa = PBXProject;
			attributes = {
				LastSwiftUpdateCheck = 1000;
				LastUpgradeCheck = 1000;
				ORGANIZATIONNAME = "Manish Singh";
				TargetAttributes = {
					064A24FE20C9F3B7004B6DEE = {
						CreatedOnToolsVersion = 10.0;
					};
				};
			};
			buildConfigurationList = 064A24FA20C9F3B7004B6DEE /* Build configuration list for PBXProject "ML_Vision" */;
			compatibilityVersion = "Xcode 9.3";
			developmentRegion = en;
			hasScannedForEncodings = 0;
			knownRegions = (
				en,
				Base,
			);
			mainGroup = 064A24F620C9F3B7004B6DEE;
			productRefGroup = 064A250020C9F3B7004B6DEE /* Products */;
			projectDirPath = "";
			projectRoot = "";
			targets = (
				064A24FE20C9F3B7004B6DEE /* ML_Vision */,
			);
		};
/* End PBXProject section */

/* Begin PBXResourcesBuildPhase section */
		064A24FD20C9F3B7004B6DEE /* Resources */ = {
			isa = PBXResourcesBuildPhase;
			buildActionMask = 2147483647;
			files = (
				064A250D20C9F3B8004B6DEE /* LaunchScreen.storyboard in Resources */,
				064A250A20C9F3B8004B6DEE /* Assets.xcassets in Resources */,
				060CD87320D5BEE90061110C /* VA.png in Resources */,
				064A250820C9F3B7004B6DEE /* Main.storyboard in Resources */,
			);
			runOnlyForDeploymentPostprocessing = 0;
		};
/* End PBXResourcesBuildPhase section */

/* Begin PBXShellScriptBuildPhase section */
		1A4D037B62BE1434A9A2ADA9 /* [CP] Check Pods Manifest.lock */ = {
			isa = PBXShellScriptBuildPhase;
			buildActionMask = 2147483647;
			files = (
			);
			inputPaths = (
				"${PODS_PODFILE_DIR_PATH}/Podfile.lock",
				"${PODS_ROOT}/Manifest.lock",
			);
			name = "[CP] Check Pods Manifest.lock";
			outputPaths = (
				"$(DERIVED_FILE_DIR)/Pods-ML_Vision-checkManifestLockResult.txt",
			);
			runOnlyForDeploymentPostprocessing = 0;
			shellPath = /bin/sh;
			shellScript = "diff \"${PODS_PODFILE_DIR_PATH}/Podfile.lock\" \"${PODS_ROOT}/Manifest.lock\" > /dev/null\nif [ $? != 0 ] ; then\n    # print error to STDERR\n    echo \"error: The sandbox is not in sync with the Podfile.lock. Run 'pod install' or update your CocoaPods installation.\" >&2\n    exit 1\nfi\n# This output is used by Xcode 'outputs' to avoid re-running this script phase.\necho \"SUCCESS\" > \"${SCRIPT_OUTPUT_FILE_0}\"\n";
			showEnvVarsInLog = 0;
		};
		F531A859D0ED6D6C5D2D5A08 /* [CP] Embed Pods Frameworks */ = {
			isa = PBXShellScriptBuildPhase;
			buildActionMask = 2147483647;
			files = (
			);
			inputPaths = (
				"${SRCROOT}/Pods/Target Support Files/Pods-ML_Vision/Pods-ML_Vision-frameworks.sh",
				"${BUILT_PRODUCTS_DIR}/FaceCropper/FaceCropper.framework",
			);
			name = "[CP] Embed Pods Frameworks";
			outputPaths = (
				"${TARGET_BUILD_DIR}/${FRAMEWORKS_FOLDER_PATH}/FaceCropper.framework",
			);
			runOnlyForDeploymentPostprocessing = 0;
			shellPath = /bin/sh;
			shellScript = "\"${SRCROOT}/Pods/Target Support Files/Pods-ML_Vision/Pods-ML_Vision-frameworks.sh\"\n";
			showEnvVarsInLog = 0;
		};
/* End PBXShellScriptBuildPhase section */

/* Begin PBXSourcesBuildPhase section */
		064A24FB20C9F3B7004B6DEE /* Sources */ = {
			isa = PBXSourcesBuildPhase;
			buildActionMask = 2147483647;
			files = (
				064A251520C9F447004B6DEE /* FrameExtractor.swift in Sources */,
				066900742148AA5F00B40AF0 /* VATX.mlmodel in Sources */,
				06C8011620CE15AD0036F770 /* DL.mlmodel in Sources */,
				060CD87B20D5DA390061110C /* MobileNet.mlmodel in Sources */,
				066042E520D8C36C00C05CDC /* DLCropped.mlmodel in Sources */,
				064A250520C9F3B7004B6DEE /* ViewController.swift in Sources */,
				06C8011820CEE2280036F770 /* DL1.mlmodel in Sources */,
				06D54F5F20D1C98F00CBB95E /* CIImage+PrespectiveCorrection.swift in Sources */,
				061EE7682144C3C000455818 /* TinyYOLO.mlmodel in Sources */,
				06D54F6120D1E91D00CBB95E /* UIImage+Cropping.swift in Sources */,
				064A250320C9F3B7004B6DEE /* AppDelegate.swift in Sources */,
				06B8486120CE013200050412 /* CGImagePropertyOrientation+UIImageOrientation.swift in Sources */,
				061EE7642144B94600455818 /* Resnet50.mlmodel in Sources */,
				06D54F5D20D1C8BC00CBB95E /* ImageCropper.swift in Sources */,
				060CD86F20D49B500061110C /* VisionObject.swift in Sources */,
				06D54F5B20D1C24600CBB95E /* CameraGuideView.swift in Sources */,
				060CD87520D5C5050061110C /* ImageClassifier.swift in Sources */,
				064FD88120CA6FDB006C2A89 /* CameraView.swift in Sources */,
				06D54F6F20D22D2000CBB95E /* DL_C1.mlmodel in Sources */,
				0684F4532140ED21009D81CF /* DL2.mlmodel in Sources */,
			);
			runOnlyForDeploymentPostprocessing = 0;
		};
/* End PBXSourcesBuildPhase section */

/* Begin PBXVariantGroup section */
		064A250620C9F3B7004B6DEE /* Main.storyboard */ = {
			isa = PBXVariantGroup;
			children = (
				064A250720C9F3B7004B6DEE /* Base */,
			);
			name = Main.storyboard;
			sourceTree = "<group>";
		};
		064A250B20C9F3B8004B6DEE /* LaunchScreen.storyboard */ = {
			isa = PBXVariantGroup;
			children = (
				064A250C20C9F3B8004B6DEE /* Base */,
			);
			name = LaunchScreen.storyboard;
			sourceTree = "<group>";
		};
/* End PBXVariantGroup section */

/* Begin XCBuildConfiguration section */
		064A250F20C9F3B8004B6DEE /* Debug */ = {
			isa = XCBuildConfiguration;
			buildSettings = {
				ALWAYS_SEARCH_USER_PATHS = NO;
				CLANG_ANALYZER_NONNULL = YES;
				CLANG_ANALYZER_NUMBER_OBJECT_CONVERSION = YES_AGGRESSIVE;
				CLANG_CXX_LANGUAGE_STANDARD = "gnu++14";
				CLANG_CXX_LIBRARY = "libc++";
				CLANG_ENABLE_MODULES = YES;
				CLANG_ENABLE_OBJC_ARC = YES;
				CLANG_ENABLE_OBJC_WEAK = YES;
				CLANG_WARN_BLOCK_CAPTURE_AUTORELEASING = YES;
				CLANG_WARN_BOOL_CONVERSION = YES;
				CLANG_WARN_COMMA = YES;
				CLANG_WARN_CONSTANT_CONVERSION = YES;
				CLANG_WARN_DEPRECATED_OBJC_IMPLEMENTATIONS = YES;
				CLANG_WARN_DIRECT_OBJC_ISA_USAGE = YES_ERROR;
				CLANG_WARN_DOCUMENTATION_COMMENTS = YES;
				CLANG_WARN_EMPTY_BODY = YES;
				CLANG_WARN_ENUM_CONVERSION = YES;
				CLANG_WARN_INFINITE_RECURSION = YES;
				CLANG_WARN_INT_CONVERSION = YES;
				CLANG_WARN_NON_LITERAL_NULL_CONVERSION = YES;
				CLANG_WARN_OBJC_IMPLICIT_RETAIN_SELF = YES;
				CLANG_WARN_OBJC_LITERAL_CONVERSION = YES;
				CLANG_WARN_OBJC_ROOT_CLASS = YES_ERROR;
				CLANG_WARN_RANGE_LOOP_ANALYSIS = YES;
				CLANG_WARN_STRICT_PROTOTYPES = YES;
				CLANG_WARN_SUSPICIOUS_MOVE = YES;
				CLANG_WARN_UNGUARDED_AVAILABILITY = YES_AGGRESSIVE;
				CLANG_WARN_UNREACHABLE_CODE = YES;
				CLANG_WARN__DUPLICATE_METHOD_MATCH = YES;
				CODE_SIGN_IDENTITY = "iPhone Developer";
				COPY_PHASE_STRIP = NO;
				DEBUG_INFORMATION_FORMAT = dwarf;
				ENABLE_STRICT_OBJC_MSGSEND = YES;
				ENABLE_TESTABILITY = YES;
				GCC_C_LANGUAGE_STANDARD = gnu11;
				GCC_DYNAMIC_NO_PIC = NO;
				GCC_NO_COMMON_BLOCKS = YES;
				GCC_OPTIMIZATION_LEVEL = 0;
				GCC_PREPROCESSOR_DEFINITIONS = (
					"DEBUG=1",
					"$(inherited)",
				);
				GCC_WARN_64_TO_32_BIT_CONVERSION = YES;
				GCC_WARN_ABOUT_RETURN_TYPE = YES_ERROR;
				GCC_WARN_UNDECLARED_SELECTOR = YES;
				GCC_WARN_UNINITIALIZED_AUTOS = YES_AGGRESSIVE;
				GCC_WARN_UNUSED_FUNCTION = YES;
				GCC_WARN_UNUSED_VARIABLE = YES;
				IPHONEOS_DEPLOYMENT_TARGET = 11.0;
				MTL_ENABLE_DEBUG_INFO = INCLUDE_SOURCE;
				ONLY_ACTIVE_ARCH = YES;
				SDKROOT = iphoneos;
				SWIFT_ACTIVE_COMPILATION_CONDITIONS = DEBUG;
				SWIFT_OPTIMIZATION_LEVEL = "-Onone";
			};
			name = Debug;
		};
		064A251020C9F3B8004B6DEE /* Release */ = {
			isa = XCBuildConfiguration;
			buildSettings = {
				ALWAYS_SEARCH_USER_PATHS = NO;
				CLANG_ANALYZER_NONNULL = YES;
				CLANG_ANALYZER_NUMBER_OBJECT_CONVERSION = YES_AGGRESSIVE;
				CLANG_CXX_LANGUAGE_STANDARD = "gnu++14";
				CLANG_CXX_LIBRARY = "libc++";
				CLANG_ENABLE_MODULES = YES;
				CLANG_ENABLE_OBJC_ARC = YES;
				CLANG_ENABLE_OBJC_WEAK = YES;
				CLANG_WARN_BLOCK_CAPTURE_AUTORELEASING = YES;
				CLANG_WARN_BOOL_CONVERSION = YES;
				CLANG_WARN_COMMA = YES;
				CLANG_WARN_CONSTANT_CONVERSION = YES;
				CLANG_WARN_DEPRECATED_OBJC_IMPLEMENTATIONS = YES;
				CLANG_WARN_DIRECT_OBJC_ISA_USAGE = YES_ERROR;
				CLANG_WARN_DOCUMENTATION_COMMENTS = YES;
				CLANG_WARN_EMPTY_BODY = YES;
				CLANG_WARN_ENUM_CONVERSION = YES;
				CLANG_WARN_INFINITE_RECURSION = YES;
				CLANG_WARN_INT_CONVERSION = YES;
				CLANG_WARN_NON_LITERAL_NULL_CONVERSION = YES;
				CLANG_WARN_OBJC_IMPLICIT_RETAIN_SELF = YES;
				CLANG_WARN_OBJC_LITERAL_CONVERSION = YES;
				CLANG_WARN_OBJC_ROOT_CLASS = YES_ERROR;
				CLANG_WARN_RANGE_LOOP_ANALYSIS = YES;
				CLANG_WARN_STRICT_PROTOTYPES = YES;
				CLANG_WARN_SUSPICIOUS_MOVE = YES;
				CLANG_WARN_UNGUARDED_AVAILABILITY = YES_AGGRESSIVE;
				CLANG_WARN_UNREACHABLE_CODE = YES;
				CLANG_WARN__DUPLICATE_METHOD_MATCH = YES;
				CODE_SIGN_IDENTITY = "iPhone Developer";
				COPY_PHASE_STRIP = NO;
				DEBUG_INFORMATION_FORMAT = "dwarf-with-dsym";
				ENABLE_NS_ASSERTIONS = NO;
				ENABLE_STRICT_OBJC_MSGSEND = YES;
				GCC_C_LANGUAGE_STANDARD = gnu11;
				GCC_NO_COMMON_BLOCKS = YES;
				GCC_WARN_64_TO_32_BIT_CONVERSION = YES;
				GCC_WARN_ABOUT_RETURN_TYPE = YES_ERROR;
				GCC_WARN_UNDECLARED_SELECTOR = YES;
				GCC_WARN_UNINITIALIZED_AUTOS = YES_AGGRESSIVE;
				GCC_WARN_UNUSED_FUNCTION = YES;
				GCC_WARN_UNUSED_VARIABLE = YES;
				IPHONEOS_DEPLOYMENT_TARGET = 11.0;
				MTL_ENABLE_DEBUG_INFO = NO;
				SDKROOT = iphoneos;
				SWIFT_COMPILATION_MODE = wholemodule;
				SWIFT_OPTIMIZATION_LEVEL = "-O";
				VALIDATE_PRODUCT = YES;
			};
			name = Release;
		};
		064A251220C9F3B8004B6DEE /* Debug */ = {
			isa = XCBuildConfiguration;
			baseConfigurationReference = 95EB986280281BFF729BB83D /* Pods-ML_Vision.debug.xcconfig */;
			buildSettings = {
				ASSETCATALOG_COMPILER_APPICON_NAME = AppIcon;
				CODE_SIGN_STYLE = Automatic;
				DEVELOPMENT_TEAM = 79FS6EETVS;
				INFOPLIST_FILE = Vision/Info.plist;
				IPHONEOS_DEPLOYMENT_TARGET = 11.0;
				LD_RUNPATH_SEARCH_PATHS = (
					"$(inherited)",
					"@executable_path/Frameworks",
				);
				PRODUCT_BUNDLE_IDENTIFIER = com.manish.Vision;
				PRODUCT_NAME = "$(TARGET_NAME)";
				SWIFT_VERSION = 4.2;
				TARGETED_DEVICE_FAMILY = "1,2";
			};
			name = Debug;
		};
		064A251320C9F3B8004B6DEE /* Release */ = {
			isa = XCBuildConfiguration;
			baseConfigurationReference = D5496D69D6E1C4967194B8F9 /* Pods-ML_Vision.release.xcconfig */;
			buildSettings = {
				ASSETCATALOG_COMPILER_APPICON_NAME = AppIcon;
				CODE_SIGN_STYLE = Automatic;
				DEVELOPMENT_TEAM = 79FS6EETVS;
				INFOPLIST_FILE = Vision/Info.plist;
				IPHONEOS_DEPLOYMENT_TARGET = 11.0;
				LD_RUNPATH_SEARCH_PATHS = (
					"$(inherited)",
					"@executable_path/Frameworks",
				);
				PRODUCT_BUNDLE_IDENTIFIER = com.manish.Vision;
				PRODUCT_NAME = "$(TARGET_NAME)";
				SWIFT_VERSION = 4.2;
				TARGETED_DEVICE_FAMILY = "1,2";
			};
			name = Release;
		};
/* End XCBuildConfiguration section */

/* Begin XCConfigurationList section */
		064A24FA20C9F3B7004B6DEE /* Build configuration list for PBXProject "ML_Vision" */ = {
			isa = XCConfigurationList;
			buildConfigurations = (
				064A250F20C9F3B8004B6DEE /* Debug */,
				064A251020C9F3B8004B6DEE /* Release */,
			);
			defaultConfigurationIsVisible = 0;
			defaultConfigurationName = Release;
		};
		064A251120C9F3B8004B6DEE /* Build configuration list for PBXNativeTarget "ML_Vision" */ = {
			isa = XCConfigurationList;
			buildConfigurations = (
				064A251220C9F3B8004B6DEE /* Debug */,
				064A251320C9F3B8004B6DEE /* Release */,
			);
			defaultConfigurationIsVisible = 0;
			defaultConfigurationName = Release;
		};
/* End XCConfigurationList section */
	};
	rootObject = 064A24F720C9F3B7004B6DEE /* Project object */;
}
